
Microsoft Visual Studio Solution File, Format Version 12.00
# Visual Studio Version 17
VisualStudioVersion = 17.8.34511.84
MinimumVisualStudioVersion = 10.0.40219.1
Project("{9A19103F-16F7-4668-BE54-9A1E7A4F7556}") = "SmartPost.Domain", "SmartPost.Domain\SmartPost.Domain.csproj", "{1CCF83AB-E73D-4766-8824-48D872BC4564}"
EndProject
Project("{9A19103F-16F7-4668-BE54-9A1E7A4F7556}") = "SmartPost.DataAccess", "SmartPost.DataAccess\SmartPost.DataAccess.csproj", "{D4C179D0-1291-405E-BC6E-B9A4342D9BAF}"
EndProject
Project("{9A19103F-16F7-4668-BE54-9A1E7A4F7556}") = "SmartPost.Service", "SmartPost.Service\SmartPost.Service.csproj", "{84C17D30-128E-46E8-B0B4-7C6FBF40511E}"
EndProject
Project("{FAE04EC0-301F-11D3-BF4B-00C04F79EFBC}") = "SmartPost.WPFUi", "SmartPost.WPFUi\SmartPost.WPFUi.csproj", "{6524E8B4-282C-40E3-968E-BE29FBF58F90}"
EndProject
Global
	GlobalSection(SolutionConfigurationPlatforms) = preSolution
		Debug|Any CPU = Debug|Any CPU
		Release|Any CPU = Release|Any CPU
	EndGlobalSection
	GlobalSection(ProjectConfigurationPlatforms) = postSolution
		{1CCF83AB-E73D-4766-8824-48D872BC4564}.Debug|Any CPU.ActiveCfg = Debug|Any CPU
		{1CCF83AB-E73D-4766-8824-48D872BC4564}.Debug|Any CPU.Build.0 = Debug|Any CPU
		{1CCF83AB-E73D-4766-8824-48D872BC4564}.Release|Any CPU.ActiveCfg = Release|Any CPU
		{1CCF83AB-E73D-4766-8824-48D872BC4564}.Release|Any CPU.Build.0 = Release|Any CPU
		{D4C179D0-1291-405E-BC6E-B9A4342D9BAF}.Debug|Any CPU.ActiveCfg = Debug|Any CPU
		{D4C179D0-1291-405E-BC6E-B9A4342D9BAF}.Debug|Any CPU.Build.0 = Debug|Any CPU
		{D4C179D0-1291-405E-BC6E-B9A4342D9BAF}.Release|Any CPU.ActiveCfg = Release|Any CPU
		{D4C179D0-1291-405E-BC6E-B9A4342D9BAF}.Release|Any CPU.Build.0 = Release|Any CPU
		{84C17D30-128E-46E8-B0B4-7C6FBF40511E}.Debug|Any CPU.ActiveCfg = Debug|Any CPU
		{84C17D30-128E-46E8-B0B4-7C6FBF40511E}.Debug|Any CPU.Build.0 = Debug|Any CPU
		{84C17D30-128E-46E8-B0B4-7C6FBF40511E}.Release|Any CPU.ActiveCfg = Release|Any CPU
		{84C17D30-128E-46E8-B0B4-7C6FBF40511E}.Release|Any CPU.Build.0 = Release|Any CPU
		{6524E8B4-282C-40E3-968E-BE29FBF58F90}.Debug|Any CPU.ActiveCfg = Debug|Any CPU
		{6524E8B4-282C-40E3-968E-BE29FBF58F90}.Debug|Any CPU.Build.0 = Debug|Any CPU
		{6524E8B4-282C-40E3-968E-BE29FBF58F90}.Release|Any CPU.ActiveCfg = Release|Any CPU
		{6524E8B4-282C-40E3-968E-BE29FBF58F90}.Release|Any CPU.Build.0 = Release|Any CPU
	EndGlobalSection
	GlobalSection(SolutionProperties) = preSolution
		HideSolutionNode = FALSE
	EndGlobalSection
	GlobalSection(ExtensibilityGlobals) = postSolution
		SolutionGuid = {BF52074B-89C0-4917-877E-53F3549931E9}
	EndGlobalSection
EndGlobal
